github.com/amansx/solace-go v0.0.0-20200709103540-e4e8c79e7d30/go.mod h1:GytTKT6h+v0uX0WgQ5TeyWxK4NU9PemP/RvS+RVUPb8=
github.com/amansx/solace-go v0.0.0-20200709115612-68374d2e2c1b h1:yBYTuTYp2udzgso11VdbGOMiAEHaKVUXPquQ5MNUKMk=
github.com/amansx/solace-go v0.0.0-20200709115612-68374d2e2c1b/go.mod h1:kXHYu9OQ2MCZSzCI8ia9qKzM+GMMqIWJsQDgHewpkh0=
github.com/amansx/solace-go v0.0.0-20200715210010-772f4d7c4d54 h1:U4b1cX6X6lOZM6ZsqmP9YWp174X31Y+puJOKYcctlPc=
github.com/amansx/solace-go v0.0.0-20200715210010-772f4d7c4d54/go.mod h1:kXHYu9OQ2MCZSzCI8ia9qKzM+GMMqIWJsQDgHewpkh0=
github.com/mattn/go-pointer v0.0.0-20190911064623-a0a44394634f h1:QTRRO+ozoYgT3CQRIzNVYJRU3DB8HRnkZv6mr4ISmMA=
github.com/mattn/go-pointer v0.0.0-20190911064623-a0a44394634f/go.mod h1:2zXcozF6qYGgmsG+SeTZz3oAbFLdD3OWqnUbNvJZAlc=
github.com/mattn/go-pointer v0.0.1 h1:n+XhsuGeVO6MEAp7xyEukFINEa+Quek5psIR/ylA6o0=
github.com/mattn/go-pointer v0.0.1/go.mod h1:2zXcozF6qYGgmsG+SeTZz3oAbFLdD3OWqnUbNvJZAlc=
